// !$*UTF8*$!
{
	archiveVersion = 1;
	classes = {
	};
	objectVersion = 60;
	objects = {

/* Begin PBXBuildFile section */
		9AFE2FBD2D070898001E5F55 /* recipes_swiftApp.swift in Sources */ = {isa = PBXBuildFile; fileRef = 9AFE2FBC2D070898001E5F55 /* recipes_swiftApp.swift */; };
		9AFE2FBF2D070898001E5F55 /* ContentView.swift in Sources */ = {isa = PBXBuildFile; fileRef = 9AFE2FBE2D070898001E5F55 /* ContentView.swift */; };
		9AFE2FC12D07089A001E5F55 /* Assets.xcassets in Resources */ = {isa = PBXBuildFile; fileRef = 9AFE2FC02D07089A001E5F55 /* Assets.xcassets */; };
		9AFE2FC42D07089A001E5F55 /* Preview Assets.xcassets in Resources */ = {isa = PBXBuildFile; fileRef = 9AFE2FC32D07089A001E5F55 /* Preview Assets.xcassets */; };
		9AFE2FCE2D07089A001E5F55 /* recipes_swiftTests.swift in Sources */ = {isa = PBXBuildFile; fileRef = 9AFE2FCD2D07089A001E5F55 /* recipes_swiftTests.swift */; };
		9AFE2FD82D07089A001E5F55 /* recipes_swiftUITests.swift in Sources */ = {isa = PBXBuildFile; fileRef = 9AFE2FD72D07089A001E5F55 /* recipes_swiftUITests.swift */; };
		9AFE2FDA2D07089A001E5F55 /* recipes_swiftUITestsLaunchTests.swift in Sources */ = {isa = PBXBuildFile; fileRef = 9AFE2FD92D07089A001E5F55 /* recipes_swiftUITestsLaunchTests.swift */; };
/* End PBXBuildFile section */

/* Begin PBXContainerItemProxy section */
		9AFE2FCA2D07089A001E5F55 /* PBXContainerItemProxy */ = {
			isa = PBXContainerItemProxy;
			containerPortal = 9AFE2FB12D070898001E5F55 /* Project object */;
			proxyType = 1;
			remoteGlobalIDString = 9AFE2FB82D070898001E5F55;
			remoteInfo = recipes_swift;
		};
		9AFE2FD42D07089A001E5F55 /* PBXContainerItemProxy */ = {
			isa = PBXContainerItemProxy;
			containerPortal = 9AFE2FB12D070898001E5F55 /* Project object */;
			proxyType = 1;
			remoteGlobalIDString = 9AFE2FB82D070898001E5F55;
			remoteInfo = recipes_swift;
		};
/* End PBXContainerItemProxy section */

/* Begin PBXFileReference section */
		9AFE2FB92D070898001E5F55 /* recipes_swift.app */ = {isa = PBXFileReference; explicitFileType = wrapper.application; includeInIndex = 0; path = recipes_swift.app; sourceTree = BUILT_PRODUCTS_DIR; };
		9AFE2FBC2D070898001E5F55 /* recipes_swiftApp.swift */ = {isa = PBXFileReference; lastKnownFileType = sourcecode.swift; path = recipes_swiftApp.swift; sourceTree = "<group>"; };
		9AFE2FBE2D070898001E5F55 /* ContentView.swift */ = {isa = PBXFileReference; lastKnownFileType = sourcecode.swift; path = ContentView.swift; sourceTree = "<group>"; };
		9AFE2FC02D07089A001E5F55 /* Assets.xcassets */ = {isa = PBXFileReference; lastKnownFileType = folder.assetcatalog; path = Assets.xcassets; sourceTree = "<group>"; };
		9AFE2FC32D07089A001E5F55 /* Preview Assets.xcassets */ = {isa = PBXFileReference; lastKnownFileType = folder.assetcatalog; path = "Preview Assets.xcassets"; sourceTree = "<group>"; };
		9AFE2FC92D07089A001E5F55 /* recipes_swiftTests.xctest */ = {isa = PBXFileReference; explicitFileType = wrapper.cfbundle; includeInIndex = 0; path = recipes_swiftTests.xctest; sourceTree = BUILT_PRODUCTS_DIR; };
		9AFE2FCD2D07089A001E5F55 /* recipes_swiftTests.swift */ = {isa = PBXFileReference; lastKnownFileType = sourcecode.swift; path = recipes_swiftTests.swift; sourceTree = "<group>"; };
		9AFE2FD32D07089A001E5F55 /* recipes_swiftUITests.xctest */ = {isa = PBXFileReference; explicitFileType = wrapper.cfbundle; includeInIndex = 0; path = recipes_swiftUITests.xctest; sourceTree = BUILT_PRODUCTS_DIR; };
		9AFE2FD72D07089A001E5F55 /* recipes_swiftUITests.swift */ = {isa = PBXFileReference; lastKnownFileType = sourcecode.swift; path = recipes_swiftUITests.swift; sourceTree = "<group>"; };
		9AFE2FD92D07089A001E5F55 /* recipes_swiftUITestsLaunchTests.swift */ = {isa = PBXFileReference; lastKnownFileType = sourcecode.swift; path = recipes_swiftUITestsLaunchTests.swift; sourceTree = "<group>"; };
/* End PBXFileReference section */

/* Begin PBXFrameworksBuildPhase section */
		9AFE2FB62D070898001E5F55 /* Frameworks */ = {
			isa = PBXFrameworksBuildPhase;
			buildActionMask = 2147483647;
			files = (
			);
			runOnlyForDeploymentPostprocessing = 0;
		};
		9AFE2FC62D07089A001E5F55 /* Frameworks */ = {
			isa = PBXFrameworksBuildPhase;
			buildActionMask = 2147483647;
			files = (
			);
			runOnlyForDeploymentPostprocessing = 0;
		};
		9AFE2FD02D07089A001E5F55 /* Frameworks */ = {
			isa = PBXFrameworksBuildPhase;
			buildActionMask = 2147483647;
			files = (
			);
			runOnlyForDeploymentPostprocessing = 0;
		};
/* End PBXFrameworksBuildPhase section */

/* Begin PBXGroup section */
		9AFE2FB02D070898001E5F55 = {
			isa = PBXGroup;
			children = (
				9AFE2FBB2D070898001E5F55 /* recipes_swift */,
				9AFE2FCC2D07089A001E5F55 /* recipes_swiftTests */,
				9AFE2FD62D07089A001E5F55 /* recipes_swiftUITests */,
				9AFE2FBA2D070898001E5F55 /* Products */,
			);
			sourceTree = "<group>";
		};
		9AFE2FBA2D070898001E5F55 /* Products */ = {
			isa = PBXGroup;
			children = (
				9AFE2FB92D070898001E5F55 /* recipes_swift.app */,
				9AFE2FC92D07089A001E5F55 /* recipes_swiftTests.xctest */,
				9AFE2FD32D07089A001E5F55 /* recipes_swiftUITests.xctest */,
			);
			name = Products;
			sourceTree = "<group>";
		};
		9AFE2FBB2D070898001E5F55 /* recipes_swift */ = {
			isa = PBXGroup;
			children = (
				9AFE2FBC2D070898001E5F55 /* recipes_swiftApp.swift */,
				9AFE2FBE2D070898001E5F55 /* ContentView.swift */,
				9AFE2FC02D07089A001E5F55 /* Assets.xcassets */,
				9AFE2FC22D07089A001E5F55 /* Preview Content */,
			);
			path = recipes_swift;
			sourceTree = "<group>";
		};
		9AFE2FC22D07089A001E5F55 /* Preview Content */ = {
			isa = PBXGroup;
			children = (
				9AFE2FC32D07089A001E5F55 /* Preview Assets.xcassets */,
			);
			path = "Preview Content";
			sourceTree = "<group>";
		};
		9AFE2FCC2D07089A001E5F55 /* recipes_swiftTests */ = {
			isa = PBXGroup;
			children = (
				9AFE2FCD2D07089A001E5F55 /* recipes_swiftTests.swift */,
			);
			path = recipes_swiftTests;
			sourceTree = "<group>";
		};
		9AFE2FD62D07089A001E5F55 /* recipes_swiftUITests */ = {
			isa = PBXGroup;
			children = (
				9AFE2FD72D07089A001E5F55 /* recipes_swiftUITests.swift */,
				9AFE2FD92D07089A001E5F55 /* recipes_swiftUITestsLaunchTests.swift */,
			);
			path = recipes_swiftUITests;
			sourceTree = "<group>";
		};
/* End PBXGroup section */

/* Begin PBXNativeTarget section */
		9AFE2FB82D070898001E5F55 /* recipes_swift */ = {
			isa = PBXNativeTarget;
			buildConfigurationList = 9AFE2FDD2D07089A001E5F55 /* Build configuration list for PBXNativeTarget "recipes_swift" */;
			buildPhases = (
				9AFE2FB52D070898001E5F55 /* Sources */,
				9AFE2FB62D070898001E5F55 /* Frameworks */,
				9AFE2FB72D070898001E5F55 /* Resources */,
			);
			buildRules = (
			);
			dependencies = (
			);
			name = recipes_swift;
			productName = recipes_swift;
			productReference = 9AFE2FB92D070898001E5F55 /* recipes_swift.app */;
			productType = "com.apple.product-type.application";
		};
		9AFE2FC82D07089A001E5F55 /* recipes_swiftTests */ = {
			isa = PBXNativeTarget;
			buildConfigurationList = 9AFE2FE02D07089A001E5F55 /* Build configuration list for PBXNativeTarget "recipes_swiftTests" */;
			buildPhases = (
				9AFE2FC52D07089A001E5F55 /* Sources */,
				9AFE2FC62D07089A001E5F55 /* Frameworks */,
				9AFE2FC72D07089A001E5F55 /* Resources */,
			);
			buildRules = (
			);
			dependencies = (
				9AFE2FCB2D07089A001E5F55 /* PBXTargetDependency */,
			);
			name = recipes_swiftTests;
			productName = recipes_swiftTests;
			productReference = 9AFE2FC92D07089A001E5F55 /* recipes_swiftTests.xctest */;
			productType = "com.apple.product-type.bundle.unit-test";
		};
		9AFE2FD22D07089A001E5F55 /* recipes_swiftUITests */ = {
			isa = PBXNativeTarget;
			buildConfigurationList = 9AFE2FE32D07089A001E5F55 /* Build configuration list for PBXNativeTarget "recipes_swiftUITests" */;
			buildPhases = (
				9AFE2FCF2D07089A001E5F55 /* Sources */,
				9AFE2FD02D07089A001E5F55 /* Frameworks */,
				9AFE2FD12D07089A001E5F55 /* Resources */,
			);
			buildRules = (
			);
			dependencies = (
				9AFE2FD52D07089A001E5F55 /* PBXTargetDependency */,
			);
			name = recipes_swiftUITests;
			productName = recipes_swiftUITests;
			productReference = 9AFE2FD32D07089A001E5F55 /* recipes_swiftUITests.xctest */;
			productType = "com.apple.product-type.bundle.ui-testing";
		};
/* End PBXNativeTarget section */

/* Begin PBXProject section */
		9AFE2FB12D070898001E5F55 /* Project object */ = {
			isa = PBXProject;
			attributes = {
				BuildIndependentTargetsInParallel = 1;
				LastSwiftUpdateCheck = 1600;
				LastUpgradeCheck = 1600;
				TargetAttributes = {
					9AFE2FB82D070898001E5F55 = {
						CreatedOnToolsVersion = 16.0;
					};
					9AFE2FC82D07089A001E5F55 = {
						CreatedOnToolsVersion = 16.0;
						TestTargetID = 9AFE2FB82D070898001E5F55;
					};
					9AFE2FD22D07089A001E5F55 = {
						CreatedOnToolsVersion = 16.0;
						TestTargetID = 9AFE2FB82D070898001E5F55;
					};
				};
			};
			buildConfigurationList = 9AFE2FB42D070898001E5F55 /* Build configuration list for PBXProject "recipes_swift" */;
			compatibilityVersion = "Xcode 15.0";
			developmentRegion = en;
			hasScannedForEncodings = 0;
			knownRegions = (
				en,
				Base,
			);
			mainGroup = 9AFE2FB02D070898001E5F55;
			productRefGroup = 9AFE2FBA2D070898001E5F55 /* Products */;
			projectDirPath = "";
			projectRoot = "";
			targets = (
				9AFE2FB82D070898001E5F55 /* recipes_swift */,
				9AFE2FC82D07089A001E5F55 /* recipes_swiftTests */,
				9AFE2FD22D07089A001E5F55 /* recipes_swiftUITests */,
			);
		};
/* End PBXProject section */

/* Begin PBXResourcesBuildPhase section */
		9AFE2FB72D070898001E5F55 /* Resources */ = {
			isa = PBXResourcesBuildPhase;
			buildActionMask = 2147483647;
			files = (
				9AFE2FC42D07089A001E5F55 /* Preview Assets.xcassets in Resources */,
				9AFE2FC12D07089A001E5F55 /* Assets.xcassets in Resources */,
			);
			runOnlyForDeploymentPostprocessing = 0;
		};
		9AFE2FC72D07089A001E5F55 /* Resources */ = {
			isa = PBXResourcesBuildPhase;
			buildActionMask = 2147483647;
			files = (
			);
			runOnlyForDeploymentPostprocessing = 0;
		};
		9AFE2FD12D07089A001E5F55 /* Resources */ = {
			isa = PBXResourcesBuildPhase;
			buildActionMask = 2147483647;
			files = (
			);
			runOnlyForDeploymentPostprocessing = 0;
		};
/* End PBXResourcesBuildPhase section */

/* Begin PBXSourcesBuildPhase section */
		9AFE2FB52D070898001E5F55 /* Sources */ = {
			isa = PBXSourcesBuildPhase;
			buildActionMask = 2147483647;
			files = (
				9AFE2FBF2D070898001E5F55 /* ContentView.swift in Sources */,
				9AFE2FBD2D070898001E5F55 /* recipes_swiftApp.swift in Sources */,
			);
			runOnlyForDeploymentPostprocessing = 0;
		};
		9AFE2FC52D07089A001E5F55 /* Sources */ = {
			isa = PBXSourcesBuildPhase;
			buildActionMask = 2147483647;
			files = (
				9AFE2FCE2D07089A001E5F55 /* recipes_swiftTests.swift in Sources */,
			);
			runOnlyForDeploymentPostprocessing = 0;
		};
		9AFE2FCF2D07089A001E5F55 /* Sources */ = {
			isa = PBXSourcesBuildPhase;
			buildActionMask = 2147483647;
			files = (
				9AFE2FDA2D07089A001E5F55 /* recipes_swiftUITestsLaunchTests.swift in Sources */,
				9AFE2FD82D07089A001E5F55 /* recipes_swiftUITests.swift in Sources */,
			);
			runOnlyForDeploymentPostprocessing = 0;
		};
/* End PBXSourcesBuildPhase section */

/* Begin PBXTargetDependency section */
		9AFE2FCB2D07089A001E5F55 /* PBXTargetDependency */ = {
			isa = PBXTargetDependency;
			target = 9AFE2FB82D070898001E5F55 /* recipes_swift */;
			targetProxy = 9AFE2FCA2D07089A001E5F55 /* PBXContainerItemProxy */;
		};
		9AFE2FD52D07089A001E5F55 /* PBXTargetDependency */ = {
			isa = PBXTargetDependency;
			target = 9AFE2FB82D070898001E5F55 /* recipes_swift */;
			targetProxy = 9AFE2FD42D07089A001E5F55 /* PBXContainerItemProxy */;
		};
/* End PBXTargetDependency section */

/* Begin XCBuildConfiguration section */
		9AFE2FDB2D07089A001E5F55 /* Debug */ = {
			isa = XCBuildConfiguration;
			buildSettings = {
				ALWAYS_SEARCH_USER_PATHS = NO;
				ASSETCATALOG_COMPILER_GENERATE_SWIFT_ASSET_SYMBOL_EXTENSIONS = YES;
				CLANG_ANALYZER_NONNULL = YES;
				CLANG_ANALYZER_NUMBER_OBJECT_CONVERSION = YES_AGGRESSIVE;
				CLANG_CXX_LANGUAGE_STANDARD = "gnu++20";
				CLANG_ENABLE_MODULES = YES;
				CLANG_ENABLE_OBJC_ARC = YES;
				CLANG_ENABLE_OBJC_WEAK = YES;
				CLANG_WARN_BLOCK_CAPTURE_AUTORELEASING = YES;
				CLANG_WARN_BOOL_CONVERSION = YES;
				CLANG_WARN_COMMA = YES;
				CLANG_WARN_CONSTANT_CONVERSION = YES;
				CLANG_WARN_DEPRECATED_OBJC_IMPLEMENTATIONS = YES;
				CLANG_WARN_DIRECT_OBJC_ISA_USAGE = YES_ERROR;
				CLANG_WARN_DOCUMENTATION_COMMENTS = YES;
				CLANG_WARN_EMPTY_BODY = YES;
				CLANG_WARN_ENUM_CONVERSION = YES;
				CLANG_WARN_INFINITE_RECURSION = YES;
				CLANG_WARN_INT_CONVERSION = YES;
				CLANG_WARN_NON_LITERAL_NULL_CONVERSION = YES;
				CLANG_WARN_OBJC_IMPLICIT_RETAIN_SELF = YES;
				CLANG_WARN_OBJC_LITERAL_CONVERSION = YES;
				CLANG_WARN_OBJC_ROOT_CLASS = YES_ERROR;
				CLANG_WARN_QUOTED_INCLUDE_IN_FRAMEWORK_HEADER = YES;
				CLANG_WARN_RANGE_LOOP_ANALYSIS = YES;
				CLANG_WARN_STRICT_PROTOTYPES = YES;
				CLANG_WARN_SUSPICIOUS_MOVE = YES;
				CLANG_WARN_UNGUARDED_AVAILABILITY = YES_AGGRESSIVE;
				CLANG_WARN_UNREACHABLE_CODE = YES;
				CLANG_WARN__DUPLICATE_METHOD_MATCH = YES;
				COPY_PHASE_STRIP = NO;
				DEBUG_INFORMATION_FORMAT = dwarf;
				ENABLE_STRICT_OBJC_MSGSEND = YES;
				ENABLE_TESTABILITY = YES;
				ENABLE_USER_SCRIPT_SANDBOXING = YES;
				GCC_C_LANGUAGE_STANDARD = gnu17;
				GCC_DYNAMIC_NO_PIC = NO;
				GCC_NO_COMMON_BLOCKS = YES;
				GCC_OPTIMIZATION_LEVEL = 0;
				GCC_PREPROCESSOR_DEFINITIONS = (
					"DEBUG=1",
					"$(inherited)",
				);
				GCC_WARN_64_TO_32_BIT_CONVERSION = YES;
				GCC_WARN_ABOUT_RETURN_TYPE = YES_ERROR;
				GCC_WARN_UNDECLARED_SELECTOR = YES;
				GCC_WARN_UNINITIALIZED_AUTOS = YES_AGGRESSIVE;
				GCC_WARN_UNUSED_FUNCTION = YES;
				GCC_WARN_UNUSED_VARIABLE = YES;
				IPHONEOS_DEPLOYMENT_TARGET = 18.0;
				LOCALIZATION_PREFERS_STRING_CATALOGS = YES;
				MTL_ENABLE_DEBUG_INFO = INCLUDE_SOURCE;
				MTL_FAST_MATH = YES;
				ONLY_ACTIVE_ARCH = YES;
				SDKROOT = iphoneos;
				SWIFT_ACTIVE_COMPILATION_CONDITIONS = "DEBUG $(inherited)";
				SWIFT_OPTIMIZATION_LEVEL = "-Onone";
			};
			name = Debug;
		};
		9AFE2FDC2D07089A001E5F55 /* Release */ = {
			isa = XCBuildConfiguration;
			buildSettings = {
				ALWAYS_SEARCH_USER_PATHS = NO;
				ASSETCATALOG_COMPILER_GENERATE_SWIFT_ASSET_SYMBOL_EXTENSIONS = YES;
				CLANG_ANALYZER_NONNULL = YES;
				CLANG_ANALYZER_NUMBER_OBJECT_CONVERSION = YES_AGGRESSIVE;
				CLANG_CXX_LANGUAGE_STANDARD = "gnu++20";
				CLANG_ENABLE_MODULES = YES;
				CLANG_ENABLE_OBJC_ARC = YES;
				CLANG_ENABLE_OBJC_WEAK = YES;
				CLANG_WARN_BLOCK_CAPTURE_AUTORELEASING = YES;
				CLANG_WARN_BOOL_CONVERSION = YES;
				CLANG_WARN_COMMA = YES;
				CLANG_WARN_CONSTANT_CONVERSION = YES;
				CLANG_WARN_DEPRECATED_OBJC_IMPLEMENTATIONS = YES;
				CLANG_WARN_DIRECT_OBJC_ISA_USAGE = YES_ERROR;
				CLANG_WARN_DOCUMENTATION_COMMENTS = YES;
				CLANG_WARN_EMPTY_BODY = YES;
				CLANG_WARN_ENUM_CONVERSION = YES;
				CLANG_WARN_INFINITE_RECURSION = YES;
				CLANG_WARN_INT_CONVERSION = YES;
				CLANG_WARN_NON_LITERAL_NULL_CONVERSION = YES;
				CLANG_WARN_OBJC_IMPLICIT_RETAIN_SELF = YES;
				CLANG_WARN_OBJC_LITERAL_CONVERSION = YES;
				CLANG_WARN_OBJC_ROOT_CLASS = YES_ERROR;
				CLANG_WARN_QUOTED_INCLUDE_IN_FRAMEWORK_HEADER = YES;
				CLANG_WARN_RANGE_LOOP_ANALYSIS = YES;
				CLANG_WARN_STRICT_PROTOTYPES = YES;
				CLANG_WARN_SUSPICIOUS_MOVE = YES;
				CLANG_WARN_UNGUARDED_AVAILABILITY = YES_AGGRESSIVE;
				CLANG_WARN_UNREACHABLE_CODE = YES;
				CLANG_WARN__DUPLICATE_METHOD_MATCH = YES;
				COPY_PHASE_STRIP = NO;
				DEBUG_INFORMATION_FORMAT = "dwarf-with-dsym";
				ENABLE_NS_ASSERTIONS = NO;
				ENABLE_STRICT_OBJC_MSGSEND = YES;
				ENABLE_USER_SCRIPT_SANDBOXING = YES;
				GCC_C_LANGUAGE_STANDARD = gnu17;
				GCC_NO_COMMON_BLOCKS = YES;
				GCC_WARN_64_TO_32_BIT_CONVERSION = YES;
				GCC_WARN_ABOUT_RETURN_TYPE = YES_ERROR;
				GCC_WARN_UNDECLARED_SELECTOR = YES;
				GCC_WARN_UNINITIALIZED_AUTOS = YES_AGGRESSIVE;
				GCC_WARN_UNUSED_FUNCTION = YES;
				GCC_WARN_UNUSED_VARIABLE = YES;
				IPHONEOS_DEPLOYMENT_TARGET = 18.0;
				LOCALIZATION_PREFERS_STRING_CATALOGS = YES;
				MTL_ENABLE_DEBUG_INFO = NO;
				MTL_FAST_MATH = YES;
				SDKROOT = iphoneos;
				SWIFT_COMPILATION_MODE = wholemodule;
				VALIDATE_PRODUCT = YES;
			};
			name = Release;
		};
		9AFE2FDE2D07089A001E5F55 /* Debug */ = {
			isa = XCBuildConfiguration;
			buildSettings = {
				ASSETCATALOG_COMPILER_APPICON_NAME = AppIcon;
				ASSETCATALOG_COMPILER_GLOBAL_ACCENT_COLOR_NAME = AccentColor;
				CODE_SIGN_STYLE = Automatic;
				CURRENT_PROJECT_VERSION = 1;
				DEVELOPMENT_ASSET_PATHS = "\"recipes_swift/Preview Content\"";
				DEVELOPMENT_TEAM = DK8A9W5MNS;
				ENABLE_PREVIEWS = YES;
				GENERATE_INFOPLIST_FILE = YES;
				INFOPLIST_KEY_UIApplicationSceneManifest_Generation = YES;
				INFOPLIST_KEY_UIApplicationSupportsIndirectInputEvents = YES;
				INFOPLIST_KEY_UILaunchScreen_Generation = YES;
				INFOPLIST_KEY_UISupportedInterfaceOrientations_iPad = "UIInterfaceOrientationPortrait UIInterfaceOrientationPortraitUpsideDown UIInterfaceOrientationLandscapeLeft UIInterfaceOrientationLandscapeRight";
				INFOPLIST_KEY_UISupportedInterfaceOrientations_iPhone = "UIInterfaceOrientationPortrait UIInterfaceOrientationLandscapeLeft UIInterfaceOrientationLandscapeRight";
				LD_RUNPATH_SEARCH_PATHS = (
					"$(inherited)",
					"@executable_path/Frameworks",
				);
				MARKETING_VERSION = 1.0;
				PRODUCT_BUNDLE_IDENTIFIER = "com.example.zhangyemengren.recipes-swift";
				PRODUCT_NAME = "$(TARGET_NAME)";
				SWIFT_EMIT_LOC_STRINGS = YES;
				SWIFT_VERSION = 5.0;
				TARGETED_DEVICE_FAMILY = "1,2";
			};
			name = Debug;
		};
		9AFE2FDF2D07089A001E5F55 /* Release */ = {
			isa = XCBuildConfiguration;
			buildSettings = {
				ASSETCATALOG_COMPILER_APPICON_NAME = AppIcon;
				ASSETCATALOG_COMPILER_GLOBAL_ACCENT_COLOR_NAME = AccentColor;
				CODE_SIGN_STYLE = Automatic;
				CURRENT_PROJECT_VERSION = 1;
				DEVELOPMENT_ASSET_PATHS = "\"recipes_swift/Preview Content\"";
				DEVELOPMENT_TEAM = DK8A9W5MNS;
				ENABLE_PREVIEWS = YES;
				GENERATE_INFOPLIST_FILE = YES;
				INFOPLIST_KEY_UIApplicationSceneManifest_Generation = YES;
				INFOPLIST_KEY_UIApplicationSupportsIndirectInputEvents = YES;
				INFOPLIST_KEY_UILaunchScreen_Generation = YES;
				INFOPLIST_KEY_UISupportedInterfaceOrientations_iPad = "UIInterfaceOrientationPortrait UIInterfaceOrientationPortraitUpsideDown UIInterfaceOrientationLandscapeLeft UIInterfaceOrientationLandscapeRight";
				INFOPLIST_KEY_UISupportedInterfaceOrientations_iPhone = "UIInterfaceOrientationPortrait UIInterfaceOrientationLandscapeLeft UIInterfaceOrientationLandscapeRight";
				LD_RUNPATH_SEARCH_PATHS = (
					"$(inherited)",
					"@executable_path/Frameworks",
				);
				MARKETING_VERSION = 1.0;
				PRODUCT_BUNDLE_IDENTIFIER = "com.example.zhangyemengren.recipes-swift";
				PRODUCT_NAME = "$(TARGET_NAME)";
				SWIFT_EMIT_LOC_STRINGS = YES;
				SWIFT_VERSION = 5.0;
				TARGETED_DEVICE_FAMILY = "1,2";
			};
			name = Release;
		};
		9AFE2FE12D07089A001E5F55 /* Debug */ = {
			isa = XCBuildConfiguration;
			buildSettings = {
				BUNDLE_LOADER = "$(TEST_HOST)";
				CODE_SIGN_STYLE = Automatic;
				CURRENT_PROJECT_VERSION = 1;
				GENERATE_INFOPLIST_FILE = YES;
				IPHONEOS_DEPLOYMENT_TARGET = 18.0;
				MARKETING_VERSION = 1.0;
				PRODUCT_BUNDLE_IDENTIFIER = "com.example.zhangyemengren.recipes-swiftTests";
				PRODUCT_NAME = "$(TARGET_NAME)";
				SWIFT_EMIT_LOC_STRINGS = NO;
				SWIFT_VERSION = 5.0;
				TARGETED_DEVICE_FAMILY = "1,2";
				TEST_HOST = "$(BUILT_PRODUCTS_DIR)/recipes_swift.app/$(BUNDLE_EXECUTABLE_FOLDER_PATH)/recipes_swift";
			};
			name = Debug;
		};
		9AFE2FE22D07089A001E5F55 /* Release */ = {
			isa = XCBuildConfiguration;
			buildSettings = {
				BUNDLE_LOADER = "$(TEST_HOST)";
				CODE_SIGN_STYLE = Automatic;
				CURRENT_PROJECT_VERSION = 1;
				GENERATE_INFOPLIST_FILE = YES;
				IPHONEOS_DEPLOYMENT_TARGET = 18.0;
				MARKETING_VERSION = 1.0;
				PRODUCT_BUNDLE_IDENTIFIER = "com.example.zhangyemengren.recipes-swiftTests";
				PRODUCT_NAME = "$(TARGET_NAME)";
				SWIFT_EMIT_LOC_STRINGS = NO;
				SWIFT_VERSION = 5.0;
				TARGETED_DEVICE_FAMILY = "1,2";
				TEST_HOST = "$(BUILT_PRODUCTS_DIR)/recipes_swift.app/$(BUNDLE_EXECUTABLE_FOLDER_PATH)/recipes_swift";
			};
			name = Release;
		};
		9AFE2FE42D07089A001E5F55 /* Debug */ = {
			isa = XCBuildConfiguration;
			buildSettings = {
				CODE_SIGN_STYLE = Automatic;
				CURRENT_PROJECT_VERSION = 1;
				GENERATE_INFOPLIST_FILE = YES;
				MARKETING_VERSION = 1.0;
				PRODUCT_BUNDLE_IDENTIFIER = "com.example.zhangyemengren.recipes-swiftUITests";
				PRODUCT_NAME = "$(TARGET_NAME)";
				SWIFT_EMIT_LOC_STRINGS = NO;
				SWIFT_VERSION = 5.0;
				TARGETED_DEVICE_FAMILY = "1,2";
				TEST_TARGET_NAME = recipes_swift;
			};
			name = Debug;
		};
		9AFE2FE52D07089A001E5F55 /* Release */ = {
			isa = XCBuildConfiguration;
			buildSettings = {
				CODE_SIGN_STYLE = Automatic;
				CURRENT_PROJECT_VERSION = 1;
				GENERATE_INFOPLIST_FILE = YES;
				MARKETING_VERSION = 1.0;
				PRODUCT_BUNDLE_IDENTIFIER = "com.example.zhangyemengren.recipes-swiftUITests";
				PRODUCT_NAME = "$(TARGET_NAME)";
				SWIFT_EMIT_LOC_STRINGS = NO;
				SWIFT_VERSION = 5.0;
				TARGETED_DEVICE_FAMILY = "1,2";
				TEST_TARGET_NAME = recipes_swift;
			};
			name = Release;
		};
/* End XCBuildConfiguration section */

/* Begin XCConfigurationList section */
		9AFE2FB42D070898001E5F55 /* Build configuration list for PBXProject "recipes_swift" */ = {
			isa = XCConfigurationList;
			buildConfigurations = (
				9AFE2FDB2D07089A001E5F55 /* Debug */,
				9AFE2FDC2D07089A001E5F55 /* Release */,
			);
			defaultConfigurationIsVisible = 0;
			defaultConfigurationName = Release;
		};
		9AFE2FDD2D07089A001E5F55 /* Build configuration list for PBXNativeTarget "recipes_swift" */ = {
			isa = XCConfigurationList;
			buildConfigurations = (
				9AFE2FDE2D07089A001E5F55 /* Debug */,
				9AFE2FDF2D07089A001E5F55 /* Release */,
			);
			defaultConfigurationIsVisible = 0;
			defaultConfigurationName = Release;
		};
		9AFE2FE02D07089A001E5F55 /* Build configuration list for PBXNativeTarget "recipes_swiftTests" */ = {
			isa = XCConfigurationList;
			buildConfigurations = (
				9AFE2FE12D07089A001E5F55 /* Debug */,
				9AFE2FE22D07089A001E5F55 /* Release */,
			);
			defaultConfigurationIsVisible = 0;
			defaultConfigurationName = Release;
		};
		9AFE2FE32D07089A001E5F55 /* Build configuration list for PBXNativeTarget "recipes_swiftUITests" */ = {
			isa = XCConfigurationList;
			buildConfigurations = (
				9AFE2FE42D07089A001E5F55 /* Debug */,
				9AFE2FE52D07089A001E5F55 /* Release */,
			);
			defaultConfigurationIsVisible = 0;
			defaultConfigurationName = Release;
		};
/* End XCConfigurationList section */
	};
	rootObject = 9AFE2FB12D070898001E5F55 /* Project object */;
}
